
Microsoft Visual Studio Solution File, Format Version 12.00
# Visual Studio Version 17
VisualStudioVersion = 17.8.34525.116
MinimumVisualStudioVersion = 10.0.40219.1
Project("{9A19103F-16F7-4668-BE54-9A1E7A4F7556}") = "CursoIdentityUdemy", "CursoIdentityUdemy.csproj", "{73BE44E1-0598-4274-92E7-E2EF4F749F15}"
EndProject
Global
	GlobalSection(SolutionConfigurationPlatforms) = preSolution
		Debug|Any CPU = Debug|Any CPU
		Release|Any CPU = Release|Any CPU
	EndGlobalSection
	GlobalSection(ProjectConfigurationPlatforms) = postSolution
		{73BE44E1-0598-4274-92E7-E2EF4F749F15}.Debug|Any CPU.ActiveCfg = Debug|Any CPU
		{73BE44E1-0598-4274-92E7-E2EF4F749F15}.Debug|Any CPU.Build.0 = Debug|Any CPU
		{73BE44E1-0598-4274-92E7-E2EF4F749F15}.Release|Any CPU.ActiveCfg = Release|Any CPU
		{73BE44E1-0598-4274-92E7-E2EF4F749F15}.Release|Any CPU.Build.0 = Release|Any CPU
	EndGlobalSection
	GlobalSection(SolutionProperties) = preSolution
		HideSolutionNode = FALSE
	EndGlobalSection
	GlobalSection(ExtensibilityGlobals) = postSolution
		SolutionGuid = {EE46F297-A961-4936-A779-2FF47F3C65ED}
	EndGlobalSection
EndGlobal
